
Microsoft Visual Studio Solution File, Format Version 12.00
# Visual Studio 15
VisualStudioVersion = 15.0.27130.2027
MinimumVisualStudioVersion = 10.0.40219.1
Project("{FAE04EC0-301F-11D3-BF4B-00C04F79EFBC}") = "MyContextAPI", "MyContextAPI\MyContextAPI.csproj", "{338F15DF-1BE4-4165-96DB-2564FB7E1F4A}"
EndProject
Global
	GlobalSection(SolutionConfigurationPlatforms) = preSolution
		Debug|Any CPU = Debug|Any CPU
		Release|Any CPU = Release|Any CPU
	EndGlobalSection
	GlobalSection(ProjectConfigurationPlatforms) = postSolution
		{338F15DF-1BE4-4165-96DB-2564FB7E1F4A}.Debug|Any CPU.ActiveCfg = Debug|Any CPU
		{338F15DF-1BE4-4165-96DB-2564FB7E1F4A}.Debug|Any CPU.Build.0 = Debug|Any CPU
		{338F15DF-1BE4-4165-96DB-2564FB7E1F4A}.Release|Any CPU.ActiveCfg = Release|Any CPU
		{338F15DF-1BE4-4165-96DB-2564FB7E1F4A}.Release|Any CPU.Build.0 = Release|Any CPU
	EndGlobalSection
	GlobalSection(SolutionProperties) = preSolution
		HideSolutionNode = FALSE
	EndGlobalSection
	GlobalSection(ExtensibilityGlobals) = postSolution
		SolutionGuid = {C4B45447-CD38-41DC-861F-3960F2580E11}
	EndGlobalSection
EndGlobal
