
Microsoft Visual Studio Solution File, Format Version 12.00
# Visual Studio 15
VisualStudioVersion = 15.0.27130.2027
MinimumVisualStudioVersion = 10.0.40219.1
Project("{FAE04EC0-301F-11D3-BF4B-00C04F79EFBC}") = "MyContextApp", "MyContextApp\MyContextApp.csproj", "{208BC56A-0F84-4139-BFA6-7701523B6B45}"
EndProject
Global
	GlobalSection(SolutionConfigurationPlatforms) = preSolution
		Debug|Any CPU = Debug|Any CPU
		Release|Any CPU = Release|Any CPU
	EndGlobalSection
	GlobalSection(ProjectConfigurationPlatforms) = postSolution
		{208BC56A-0F84-4139-BFA6-7701523B6B45}.Debug|Any CPU.ActiveCfg = Debug|Any CPU
		{208BC56A-0F84-4139-BFA6-7701523B6B45}.Debug|Any CPU.Build.0 = Debug|Any CPU
		{208BC56A-0F84-4139-BFA6-7701523B6B45}.Release|Any CPU.ActiveCfg = Release|Any CPU
		{208BC56A-0F84-4139-BFA6-7701523B6B45}.Release|Any CPU.Build.0 = Release|Any CPU
	EndGlobalSection
	GlobalSection(SolutionProperties) = preSolution
		HideSolutionNode = FALSE
	EndGlobalSection
	GlobalSection(ExtensibilityGlobals) = postSolution
		SolutionGuid = {0ADADCEA-6C16-46D5-8952-C28B1D43EB58}
	EndGlobalSection
EndGlobal
